
Microsoft Visual Studio Solution File, Format Version 12.00
# Visual Studio Version 17
VisualStudioVersion = 17.6.33723.286
MinimumVisualStudioVersion = 10.0.40219.1
Project("{FAE04EC0-301F-11D3-BF4B-00C04F79EFBC}") = "Lab_6_app", "Lab_6_app.csproj", "{4F1E475C-1048-4748-984D-E2FF3F687460}"
EndProject
Global
	GlobalSection(SolutionConfigurationPlatforms) = preSolution
		Debug|Any CPU = Debug|Any CPU
		Release|Any CPU = Release|Any CPU
	EndGlobalSection
	GlobalSection(ProjectConfigurationPlatforms) = postSolution
		{4F1E475C-1048-4748-984D-E2FF3F687460}.Debug|Any CPU.ActiveCfg = Debug|Any CPU
		{4F1E475C-1048-4748-984D-E2FF3F687460}.Debug|Any CPU.Build.0 = Debug|Any CPU
		{4F1E475C-1048-4748-984D-E2FF3F687460}.Release|Any CPU.ActiveCfg = Release|Any CPU
		{4F1E475C-1048-4748-984D-E2FF3F687460}.Release|Any CPU.Build.0 = Release|Any CPU
	EndGlobalSection
	GlobalSection(SolutionProperties) = preSolution
		HideSolutionNode = FALSE
	EndGlobalSection
	GlobalSection(ExtensibilityGlobals) = postSolution
		SolutionGuid = {D6EB0E04-8458-4E64-B3B2-D2B986239363}
	EndGlobalSection
EndGlobal
